
Microsoft Visual Studio Solution File, Format Version 12.00
# Visual Studio 2012
Project("{f2a71f9b-5d33-465a-a702-920d77279786}") = ".paket", ".paket", "{266d39e1-8333-4a87-8649-5d7a4aa2743f}"
	ProjectSection(SolutionItems) = preProject
		paket.dependencies = paket.dependencies
		paket.lock = paket.lock
	EndProjectSection
EndProject
Project("{f2a71f9b-5d33-465a-a702-920d77279786}") = "project", "project", "{cee7afe6-52ac-4489-a5d7-7c19d3dc3d01}"
	ProjectSection(SolutionItems) = preProject
		build.fsx = build.fsx
		package.json = package.json
		README.md = README.md
		RELEASE_NOTES.md = RELEASE_NOTES.md
	EndProjectSection
EndProject
Project("{f2a71f9b-5d33-465a-a702-920d77279786}") = "Client", "src/Client/Client.fsproj", "{7a5fc21d-07d3-4f48-8136-70a97ccc2478}"
EndProject
Project("{f2a71f9b-5d33-465a-a702-920d77279786}") = "Server", "src/Server/Server.fsproj", "{9ca95370-86e6-4dcc-aed4-6a0ce91cfb17}"
EndProject 
Project("{f2a71f9b-5d33-465a-a702-920d77279786}") = "Shared", "src/Shared/Shared.fsproj", "{65aaba58-bd70-4b66-b854-9930037618a1}"
EndProject 
Project("{f2a71f9b-5d33-465a-a702-920d77279786}") = "ProtoPersist", "src/ProtoPersist/ProtoPersist.fsproj", "{8dcdc85c-b08a-4d8d-b7eb-be55582f9dfc}"
EndProject 
Project("{f2a71f9b-5d33-465a-a702-920d77279786}") = "ServerTests", "tests/ServerTests/ServerTests.fsproj", "{73de6557-ad57-48d9-a948-3264d108cbce}"
EndProject 
Global
	GlobalSection(SolutionConfigurationPlatforms) = preSolution
		Debug|Any CPU = Debug|Any CPU
		Release|Any CPU = Release|Any CPU
	EndGlobalSection
	GlobalSection(ProjectConfigurationPlatforms) = postSolution
		{7a5fc21d-07d3-4f48-8136-70a97ccc2478}.Debug|Any CPU.ActiveCfg = Debug|Any CPU
		{7a5fc21d-07d3-4f48-8136-70a97ccc2478}.Debug|Any CPU.Build.0 = Debug|Any CPU
		{7a5fc21d-07d3-4f48-8136-70a97ccc2478}.Release|Any CPU.ActiveCfg = Release|Any CPU
		{7a5fc21d-07d3-4f48-8136-70a97ccc2478}.Release|Any CPU.Build.0 = Release|Any CPU
		{9ca95370-86e6-4dcc-aed4-6a0ce91cfb17}.Debug|Any CPU.ActiveCfg = Debug|Any CPU
		{9ca95370-86e6-4dcc-aed4-6a0ce91cfb17}.Debug|Any CPU.Build.0 = Debug|Any CPU
		{9ca95370-86e6-4dcc-aed4-6a0ce91cfb17}.Release|Any CPU.ActiveCfg = Release|Any CPU
		{9ca95370-86e6-4dcc-aed4-6a0ce91cfb17}.Release|Any CPU.Build.0 = Release|Any CPU
		{65aaba58-bd70-4b66-b854-9930037618a1}.Debug|Any CPU.ActiveCfg = Debug|Any CPU
		{65aaba58-bd70-4b66-b854-9930037618a1}.Debug|Any CPU.Build.0 = Debug|Any CPU
		{65aaba58-bd70-4b66-b854-9930037618a1}.Release|Any CPU.ActiveCfg = Release|Any CPU
		{65aaba58-bd70-4b66-b854-9930037618a1}.Release|Any CPU.Build.0 = Release|Any CPU
		{8dcdc85c-b08a-4d8d-b7eb-be55582f9dfc}.Debug|Any CPU.ActiveCfg = Debug|Any CPU
		{8dcdc85c-b08a-4d8d-b7eb-be55582f9dfc}.Debug|Any CPU.Build.0 = Debug|Any CPU
		{8dcdc85c-b08a-4d8d-b7eb-be55582f9dfc}.Release|Any CPU.ActiveCfg = Release|Any CPU
		{8dcdc85c-b08a-4d8d-b7eb-be55582f9dfc}.Release|Any CPU.Build.0 = Release|Any CPU
	EndGlobalSection
EndGlobal
